
Microsoft Visual Studio Solution File, Format Version 12.00
# Visual Studio Version 17
VisualStudioVersion = 17.0.32014.148
MinimumVisualStudioVersion = 10.0.40219.1
Project("{FAE04EC0-301F-11D3-BF4B-00C04F79EFBC}") = "Assembly-CSharp", "Assembly-CSharp.csproj", "{5C9D6401-BEDB-6BEF-CB37-2C76518ED7D1}"
EndProject
Project("{9A19103F-16F7-4668-BE54-9A1E7A4F7556}") = "SWGame.Core", "..\SWGame.Core\SWGame.Core.csproj", "{4CC25A9B-3F44-4A48-82C2-A5E379F05A8E}"
EndProject
Project("{FAE04EC0-301F-11D3-BF4B-00C04F79EFBC}") = "SWGame.Tests", "..\SWGame.Tests\SWGame.Tests.csproj", "{B6D8EA5D-131B-420C-9F9B-9C3D9BC1E77E}"
EndProject
Global
	GlobalSection(SolutionConfigurationPlatforms) = preSolution
		Debug|Any CPU = Debug|Any CPU
		Release|Any CPU = Release|Any CPU
	EndGlobalSection
	GlobalSection(ProjectConfigurationPlatforms) = postSolution
		{5C9D6401-BEDB-6BEF-CB37-2C76518ED7D1}.Debug|Any CPU.ActiveCfg = Debug|Any CPU
		{5C9D6401-BEDB-6BEF-CB37-2C76518ED7D1}.Debug|Any CPU.Build.0 = Debug|Any CPU
		{5C9D6401-BEDB-6BEF-CB37-2C76518ED7D1}.Release|Any CPU.ActiveCfg = Release|Any CPU
		{5C9D6401-BEDB-6BEF-CB37-2C76518ED7D1}.Release|Any CPU.Build.0 = Release|Any CPU
		{4CC25A9B-3F44-4A48-82C2-A5E379F05A8E}.Debug|Any CPU.ActiveCfg = Debug|Any CPU
		{4CC25A9B-3F44-4A48-82C2-A5E379F05A8E}.Debug|Any CPU.Build.0 = Debug|Any CPU
		{4CC25A9B-3F44-4A48-82C2-A5E379F05A8E}.Release|Any CPU.ActiveCfg = Release|Any CPU
		{4CC25A9B-3F44-4A48-82C2-A5E379F05A8E}.Release|Any CPU.Build.0 = Release|Any CPU
		{B6D8EA5D-131B-420C-9F9B-9C3D9BC1E77E}.Debug|Any CPU.ActiveCfg = Debug|Any CPU
		{B6D8EA5D-131B-420C-9F9B-9C3D9BC1E77E}.Debug|Any CPU.Build.0 = Debug|Any CPU
		{B6D8EA5D-131B-420C-9F9B-9C3D9BC1E77E}.Release|Any CPU.ActiveCfg = Release|Any CPU
		{B6D8EA5D-131B-420C-9F9B-9C3D9BC1E77E}.Release|Any CPU.Build.0 = Release|Any CPU
	EndGlobalSection
	GlobalSection(SolutionProperties) = preSolution
		HideSolutionNode = FALSE
	EndGlobalSection
	GlobalSection(ExtensibilityGlobals) = postSolution
		SolutionGuid = {9E58D388-FD8F-4D84-90E0-4C390E551F0A}
	EndGlobalSection
EndGlobal
